
Microsoft Visual Studio Solution File, Format Version 12.00
# Visual Studio Version 16
VisualStudioVersion = 16.0.31911.196
MinimumVisualStudioVersion = 10.0.40219.1
Project("{9A19103F-16F7-4668-BE54-9A1E7A4F7556}") = "CarRentalManagement.Server", "CarRentalManagement\Server\CarRentalManagement.Server.csproj", "{A74C252C-03D5-4000-89DF-971BB2065C72}"
EndProject
Project("{9A19103F-16F7-4668-BE54-9A1E7A4F7556}") = "CarRentalManagement.Client", "CarRentalManagement\Client\CarRentalManagement.Client.csproj", "{616B4BAD-8938-488A-8968-20BF8B85B306}"
EndProject
Project("{9A19103F-16F7-4668-BE54-9A1E7A4F7556}") = "CarRentalManagement.Shared", "CarRentalManagement\Shared\CarRentalManagement.Shared.csproj", "{535C5445-AE38-4D6B-9A5C-EE265929A66E}"
EndProject
Global
	GlobalSection(SolutionConfigurationPlatforms) = preSolution
		Debug|Any CPU = Debug|Any CPU
		Release|Any CPU = Release|Any CPU
	EndGlobalSection
	GlobalSection(ProjectConfigurationPlatforms) = postSolution
		{A74C252C-03D5-4000-89DF-971BB2065C72}.Debug|Any CPU.ActiveCfg = Debug|Any CPU
		{A74C252C-03D5-4000-89DF-971BB2065C72}.Debug|Any CPU.Build.0 = Debug|Any CPU
		{A74C252C-03D5-4000-89DF-971BB2065C72}.Release|Any CPU.ActiveCfg = Release|Any CPU
		{A74C252C-03D5-4000-89DF-971BB2065C72}.Release|Any CPU.Build.0 = Release|Any CPU
		{616B4BAD-8938-488A-8968-20BF8B85B306}.Debug|Any CPU.ActiveCfg = Debug|Any CPU
		{616B4BAD-8938-488A-8968-20BF8B85B306}.Debug|Any CPU.Build.0 = Debug|Any CPU
		{616B4BAD-8938-488A-8968-20BF8B85B306}.Release|Any CPU.ActiveCfg = Release|Any CPU
		{616B4BAD-8938-488A-8968-20BF8B85B306}.Release|Any CPU.Build.0 = Release|Any CPU
		{535C5445-AE38-4D6B-9A5C-EE265929A66E}.Debug|Any CPU.ActiveCfg = Debug|Any CPU
		{535C5445-AE38-4D6B-9A5C-EE265929A66E}.Debug|Any CPU.Build.0 = Debug|Any CPU
		{535C5445-AE38-4D6B-9A5C-EE265929A66E}.Release|Any CPU.ActiveCfg = Release|Any CPU
		{535C5445-AE38-4D6B-9A5C-EE265929A66E}.Release|Any CPU.Build.0 = Release|Any CPU
	EndGlobalSection
	GlobalSection(SolutionProperties) = preSolution
		HideSolutionNode = FALSE
	EndGlobalSection
	GlobalSection(ExtensibilityGlobals) = postSolution
		SolutionGuid = {A21B9EBE-0E83-455B-8729-05EFC0C1FE7B}
	EndGlobalSection
EndGlobal
